hash: 7c267521db75611255eb623ac8399952b346fd6f0d65ea6dbc51a2905d6ebe1f
updated: 2016-07-26T11:48:37.899311+08:00
imports:
- name: github.com/admpub/confl
  version: 8a6860d6e835f3e2a1c229e0169c50f5f6668e9c
- name: github.com/admpub/go-colortext
  version: 511bcaf42ccd42c38aba7427b6673277bf19e2a1
- name: github.com/admpub/log
  version: b9036465b9c776a1723e2a3cb05360e3544f0cb8
- name: github.com/admpub/manners
  version: 72097fd728f7b61a5454fd5bc4a7fa5c73176e85
- name: github.com/admpub/queueChan
  version: 79908f7a499f379d32d1b1eabe1bf653129bb154
- name: github.com/araddon/gou
  version: 50a94aa4a3fb69e8fbde05df290fcb49fa685e07
- name: github.com/howeyc/fsnotify
  version: 441bbc86b167f3c1f4786afae9931403b99fdacf
- name: github.com/klauspost/compress
  version: 14eb9c4951195779ecfbec34431a976de7335b0a
  subpackages:
  - flate
  - gzip
  - zlib
- name: github.com/klauspost/cpuid
  version: 09cded8978dc9e80714c4d85b0322337b0a1e5e0
- name: github.com/klauspost/crc32
  version: 19b0b332c9e4516a6370a0456e6182c3b5036720
- name: github.com/nu7hatch/gouuid
  version: 179d4d0c4d8d407a32af483c2354df1d2c91e6c3
- name: github.com/valyala/bytebufferpool
  version: 8ebd0474e5a2f0a5c7a74ad2bf421a1d1a90264f
- name: github.com/valyala/fasthttp
  version: 45697fe30a130ec6a54426a069c82f3abe76b63d
  subpackages:
  - fasthttputil
- name: github.com/webx-top/reverseproxy
  version: bfac908e077ffdcdfb171e62b6c1c6939636018f
  subpackages:
  - log
testImports:
- name: github.com/shaoshing/gotest
  version: 9301b15eda78bec810b41f631ba48e898e0ee30e
